
Microsoft Visual Studio Solution File, Format Version 12.00
# Visual Studio Version 16
VisualStudioVersion = 16.0.30114.105
MinimumVisualStudioVersion = 10.0.40219.1
Project("{FAE04EC0-301F-11D3-BF4B-00C04F79EFBC}") = "webm2wav", "webm2wav\webm2wav.csproj", "{7D2F8D3D-9254-433B-9B26-84A12C9124BE}"
EndProject
Global
	GlobalSection(SolutionConfigurationPlatforms) = preSolution
		Debug|Any CPU = Debug|Any CPU
		Release|Any CPU = Release|Any CPU
	EndGlobalSection
	GlobalSection(ProjectConfigurationPlatforms) = postSolution
		{7D2F8D3D-9254-433B-9B26-84A12C9124BE}.Debug|Any CPU.ActiveCfg = Debug|Any CPU
		{7D2F8D3D-9254-433B-9B26-84A12C9124BE}.Debug|Any CPU.Build.0 = Debug|Any CPU
		{7D2F8D3D-9254-433B-9B26-84A12C9124BE}.Release|Any CPU.ActiveCfg = Release|Any CPU
		{7D2F8D3D-9254-433B-9B26-84A12C9124BE}.Release|Any CPU.Build.0 = Release|Any CPU
	EndGlobalSection
	GlobalSection(SolutionProperties) = preSolution
		HideSolutionNode = FALSE
	EndGlobalSection
	GlobalSection(ExtensibilityGlobals) = postSolution
		SolutionGuid = {3A6E62E2-E0C7-46CE-B018-1D24375B4A0B}
	EndGlobalSection
EndGlobal
